
Microsoft Visual Studio Solution File, Format Version 12.00
# Visual Studio Version 16
VisualStudioVersion = 16.0.29215.179
MinimumVisualStudioVersion = 10.0.40219.1
Project("{9A19103F-16F7-4668-BE54-9A1E7A4F7556}") = "NModbusAsync", "NModbusAsync\NModbusAsync.csproj", "{46708CFC-E6CC-482F-8439-F0A20B56DD5C}"
EndProject
Project("{9A19103F-16F7-4668-BE54-9A1E7A4F7556}") = "NModbusAsync.Test", "NModbusAsync.Test\NModbusAsync.Test.csproj", "{55AD0D9D-4517-41CB-BFD8-716571B45C88}"
EndProject
Project("{2150E333-8FDC-42A3-9474-1A3956D46DE8}") = "Solution Items", "Solution Items", "{3E283390-4D99-4630-A423-90A513334AF1}"
	ProjectSection(SolutionItems) = preProject
		stylecop.ruleset = stylecop.ruleset
	EndProjectSection
EndProject
Global
	GlobalSection(SolutionConfigurationPlatforms) = preSolution
		Debug|Any CPU = Debug|Any CPU
		Release|Any CPU = Release|Any CPU
	EndGlobalSection
	GlobalSection(ProjectConfigurationPlatforms) = postSolution
		{46708CFC-E6CC-482F-8439-F0A20B56DD5C}.Debug|Any CPU.ActiveCfg = Debug|Any CPU
		{46708CFC-E6CC-482F-8439-F0A20B56DD5C}.Debug|Any CPU.Build.0 = Debug|Any CPU
		{46708CFC-E6CC-482F-8439-F0A20B56DD5C}.Release|Any CPU.ActiveCfg = Release|Any CPU
		{46708CFC-E6CC-482F-8439-F0A20B56DD5C}.Release|Any CPU.Build.0 = Release|Any CPU
		{55AD0D9D-4517-41CB-BFD8-716571B45C88}.Debug|Any CPU.ActiveCfg = Debug|Any CPU
		{55AD0D9D-4517-41CB-BFD8-716571B45C88}.Debug|Any CPU.Build.0 = Debug|Any CPU
		{55AD0D9D-4517-41CB-BFD8-716571B45C88}.Release|Any CPU.ActiveCfg = Release|Any CPU
		{55AD0D9D-4517-41CB-BFD8-716571B45C88}.Release|Any CPU.Build.0 = Release|Any CPU
	EndGlobalSection
	GlobalSection(SolutionProperties) = preSolution
		HideSolutionNode = FALSE
	EndGlobalSection
	GlobalSection(ExtensibilityGlobals) = postSolution
		SolutionGuid = {1C015BE2-23F9-4E49-A970-57DD92892F23}
	EndGlobalSection
EndGlobal
